
Microsoft Visual Studio Solution File, Format Version 12.00
# Visual Studio Version 17
VisualStudioVersion = 17.4.33122.133
MinimumVisualStudioVersion = 10.0.40219.1
Project("{8BC9CEB8-8B4A-11D0-8D11-00A0C91BC942}") = "Problem0001", "Problem0001\Problem0001.vcxproj", "{973198E9-08DF-4BD0-A565-D4A2139AF5D4}"
EndProject
Project("{8BC9CEB8-8B4A-11D0-8D11-00A0C91BC942}") = "Problem0002", "Problem0002\Problem0002.vcxproj", "{4300A657-F0E8-4033-A720-88078C7EF38F}"
EndProject
Project("{8BC9CEB8-8B4A-11D0-8D11-00A0C91BC942}") = "Problem0003", "Problem0003\Problem0003.vcxproj", "{AFBD5DA5-E3FE-4D0D-BF71-C9EDDE5932D7}"
EndProject
Project("{8BC9CEB8-8B4A-11D0-8D11-00A0C91BC942}") = "Problem0004", "Problem0004\Problem0004.vcxproj", "{76329EC6-29EE-47EE-9666-FF7F86EEE727}"
EndProject
Project("{8BC9CEB8-8B4A-11D0-8D11-00A0C91BC942}") = "Problem0005", "Problem0005\Problem0005.vcxproj", "{45D24448-1687-4604-BEE3-E25CD6EF99F3}"
EndProject
Project("{8BC9CEB8-8B4A-11D0-8D11-00A0C91BC942}") = "Problem0006", "Problem0006\Problem0006.vcxproj", "{1D20670B-86B5-49DB-A51D-8954EC31FC70}"
EndProject
Project("{8BC9CEB8-8B4A-11D0-8D11-00A0C91BC942}") = "Problem0007", "Problem0007\Problem0007.vcxproj", "{6FEE9956-2CF4-4AEA-BE59-5B08D2F3C14D}"
EndProject
Project("{8BC9CEB8-8B4A-11D0-8D11-00A0C91BC942}") = "Problem0008", "Problem0008\Problem0008.vcxproj", "{0233199F-8FF1-4020-B2A2-27DBF0922648}"
EndProject
Project("{8BC9CEB8-8B4A-11D0-8D11-00A0C91BC942}") = "Problem0009", "Problem0009\Problem0009.vcxproj", "{A303D849-DC23-4E75-A2EC-D1F02104096F}"
EndProject
Project("{8BC9CEB8-8B4A-11D0-8D11-00A0C91BC942}") = "Problem0010", "Problem0010\Problem0010.vcxproj", "{15D9191B-8592-4D2B-961C-D57C4F7E304F}"
EndProject
Project("{8BC9CEB8-8B4A-11D0-8D11-00A0C91BC942}") = "Problem0011", "Problem0011\Problem0011.vcxproj", "{BF4C4CB4-6924-413C-9F75-17B6A3BA6855}"
EndProject
Project("{8BC9CEB8-8B4A-11D0-8D11-00A0C91BC942}") = "Problem0012", "Problem0012\Problem0012.vcxproj", "{144C1B42-C530-44E4-90BA-8F208F3DBC76}"
EndProject
Project("{8BC9CEB8-8B4A-11D0-8D11-00A0C91BC942}") = "Problem0013", "Problem0013\Problem0013.vcxproj", "{176BCABD-FE26-41D1-8B19-20EC6FFBBC47}"
EndProject
Project("{8BC9CEB8-8B4A-11D0-8D11-00A0C91BC942}") = "Problem0014", "Problem0014\Problem0014.vcxproj", "{D9C73CA5-0455-4359-AEFF-5CCE15D462D0}"
EndProject
Global
	GlobalSection(SolutionConfigurationPlatforms) = preSolution
		Debug|x64 = Debug|x64
		Debug|x86 = Debug|x86
		Release|x64 = Release|x64
		Release|x86 = Release|x86
	EndGlobalSection
	GlobalSection(ProjectConfigurationPlatforms) = postSolution
		{973198E9-08DF-4BD0-A565-D4A2139AF5D4}.Debug|x64.ActiveCfg = Debug|x64
		{973198E9-08DF-4BD0-A565-D4A2139AF5D4}.Debug|x64.Build.0 = Debug|x64
		{973198E9-08DF-4BD0-A565-D4A2139AF5D4}.Debug|x86.ActiveCfg = Debug|Win32
		{973198E9-08DF-4BD0-A565-D4A2139AF5D4}.Debug|x86.Build.0 = Debug|Win32
		{973198E9-08DF-4BD0-A565-D4A2139AF5D4}.Release|x64.ActiveCfg = Release|x64
		{973198E9-08DF-4BD0-A565-D4A2139AF5D4}.Release|x64.Build.0 = Release|x64
		{973198E9-08DF-4BD0-A565-D4A2139AF5D4}.Release|x86.ActiveCfg = Release|Win32
		{973198E9-08DF-4BD0-A565-D4A2139AF5D4}.Release|x86.Build.0 = Release|Win32
		{4300A657-F0E8-4033-A720-88078C7EF38F}.Debug|x64.ActiveCfg = Debug|x64
		{4300A657-F0E8-4033-A720-88078C7EF38F}.Debug|x64.Build.0 = Debug|x64
		{4300A657-F0E8-4033-A720-88078C7EF38F}.Debug|x86.ActiveCfg = Debug|Win32
		{4300A657-F0E8-4033-A720-88078C7EF38F}.Debug|x86.Build.0 = Debug|Win32
		{4300A657-F0E8-4033-A720-88078C7EF38F}.Release|x64.ActiveCfg = Release|x64
		{4300A657-F0E8-4033-A720-88078C7EF38F}.Release|x64.Build.0 = Release|x64
		{4300A657-F0E8-4033-A720-88078C7EF38F}.Release|x86.ActiveCfg = Release|Win32
		{4300A657-F0E8-4033-A720-88078C7EF38F}.Release|x86.Build.0 = Release|Win32
		{AFBD5DA5-E3FE-4D0D-BF71-C9EDDE5932D7}.Debug|x64.ActiveCfg = Debug|x64
		{AFBD5DA5-E3FE-4D0D-BF71-C9EDDE5932D7}.Debug|x64.Build.0 = Debug|x64
		{AFBD5DA5-E3FE-4D0D-BF71-C9EDDE5932D7}.Debug|x86.ActiveCfg = Debug|Win32
		{AFBD5DA5-E3FE-4D0D-BF71-C9EDDE5932D7}.Debug|x86.Build.0 = Debug|Win32
		{AFBD5DA5-E3FE-4D0D-BF71-C9EDDE5932D7}.Release|x64.ActiveCfg = Release|x64
		{AFBD5DA5-E3FE-4D0D-BF71-C9EDDE5932D7}.Release|x64.Build.0 = Release|x64
		{AFBD5DA5-E3FE-4D0D-BF71-C9EDDE5932D7}.Release|x86.ActiveCfg = Release|Win32
		{AFBD5DA5-E3FE-4D0D-BF71-C9EDDE5932D7}.Release|x86.Build.0 = Release|Win32
		{76329EC6-29EE-47EE-9666-FF7F86EEE727}.Debug|x64.ActiveCfg = Debug|x64
		{76329EC6-29EE-47EE-9666-FF7F86EEE727}.Debug|x64.Build.0 = Debug|x64
		{76329EC6-29EE-47EE-9666-FF7F86EEE727}.Debug|x86.ActiveCfg = Debug|Win32
		{76329EC6-29EE-47EE-9666-FF7F86EEE727}.Debug|x86.Build.0 = Debug|Win32
		{76329EC6-29EE-47EE-9666-FF7F86EEE727}.Release|x64.ActiveCfg = Release|x64
		{76329EC6-29EE-47EE-9666-FF7F86EEE727}.Release|x64.Build.0 = Release|x64
		{76329EC6-29EE-47EE-9666-FF7F86EEE727}.Release|x86.ActiveCfg = Release|Win32
		{76329EC6-29EE-47EE-9666-FF7F86EEE727}.Release|x86.Build.0 = Release|Win32
		{45D24448-1687-4604-BEE3-E25CD6EF99F3}.Debug|x64.ActiveCfg = Debug|x64
		{45D24448-1687-4604-BEE3-E25CD6EF99F3}.Debug|x64.Build.0 = Debug|x64
		{45D24448-1687-4604-BEE3-E25CD6EF99F3}.Debug|x86.ActiveCfg = Debug|Win32
		{45D24448-1687-4604-BEE3-E25CD6EF99F3}.Debug|x86.Build.0 = Debug|Win32
		{45D24448-1687-4604-BEE3-E25CD6EF99F3}.Release|x64.ActiveCfg = Release|x64
		{45D24448-1687-4604-BEE3-E25CD6EF99F3}.Release|x64.Build.0 = Release|x64
		{45D24448-1687-4604-BEE3-E25CD6EF99F3}.Release|x86.ActiveCfg = Release|Win32
		{45D24448-1687-4604-BEE3-E25CD6EF99F3}.Release|x86.Build.0 = Release|Win32
		{1D20670B-86B5-49DB-A51D-8954EC31FC70}.Debug|x64.ActiveCfg = Debug|x64
		{1D20670B-86B5-49DB-A51D-8954EC31FC70}.Debug|x64.Build.0 = Debug|x64
		{1D20670B-86B5-49DB-A51D-8954EC31FC70}.Debug|x86.ActiveCfg = Debug|Win32
		{1D20670B-86B5-49DB-A51D-8954EC31FC70}.Debug|x86.Build.0 = Debug|Win32
		{1D20670B-86B5-49DB-A51D-8954EC31FC70}.Release|x64.ActiveCfg = Release|x64
		{1D20670B-86B5-49DB-A51D-8954EC31FC70}.Release|x64.Build.0 = Release|x64
		{1D20670B-86B5-49DB-A51D-8954EC31FC70}.Release|x86.ActiveCfg = Release|Win32
		{1D20670B-86B5-49DB-A51D-8954EC31FC70}.Release|x86.Build.0 = Release|Win32
		{6FEE9956-2CF4-4AEA-BE59-5B08D2F3C14D}.Debug|x64.ActiveCfg = Debug|x64
		{6FEE9956-2CF4-4AEA-BE59-5B08D2F3C14D}.Debug|x64.Build.0 = Debug|x64
		{6FEE9956-2CF4-4AEA-BE59-5B08D2F3C14D}.Debug|x86.ActiveCfg = Debug|Win32
		{6FEE9956-2CF4-4AEA-BE59-5B08D2F3C14D}.Debug|x86.Build.0 = Debug|Win32
		{6FEE9956-2CF4-4AEA-BE59-5B08D2F3C14D}.Release|x64.ActiveCfg = Release|x64
		{6FEE9956-2CF4-4AEA-BE59-5B08D2F3C14D}.Release|x64.Build.0 = Release|x64
		{6FEE9956-2CF4-4AEA-BE59-5B08D2F3C14D}.Release|x86.ActiveCfg = Release|Win32
		{6FEE9956-2CF4-4AEA-BE59-5B08D2F3C14D}.Release|x86.Build.0 = Release|Win32
		{0233199F-8FF1-4020-B2A2-27DBF0922648}.Debug|x64.ActiveCfg = Debug|x64
		{0233199F-8FF1-4020-B2A2-27DBF0922648}.Debug|x64.Build.0 = Debug|x64
		{0233199F-8FF1-4020-B2A2-27DBF0922648}.Debug|x86.ActiveCfg = Debug|Win32
		{0233199F-8FF1-4020-B2A2-27DBF0922648}.Debug|x86.Build.0 = Debug|Win32
		{0233199F-8FF1-4020-B2A2-27DBF0922648}.Release|x64.ActiveCfg = Release|x64
		{0233199F-8FF1-4020-B2A2-27DBF0922648}.Release|x64.Build.0 = Release|x64
		{0233199F-8FF1-4020-B2A2-27DBF0922648}.Release|x86.ActiveCfg = Release|Win32
		{0233199F-8FF1-4020-B2A2-27DBF0922648}.Release|x86.Build.0 = Release|Win32
		{A303D849-DC23-4E75-A2EC-D1F02104096F}.Debug|x64.ActiveCfg = Debug|x64
		{A303D849-DC23-4E75-A2EC-D1F02104096F}.Debug|x64.Build.0 = Debug|x64
		{A303D849-DC23-4E75-A2EC-D1F02104096F}.Debug|x86.ActiveCfg = Debug|Win32
		{A303D849-DC23-4E75-A2EC-D1F02104096F}.Debug|x86.Build.0 = Debug|Win32
		{A303D849-DC23-4E75-A2EC-D1F02104096F}.Release|x64.ActiveCfg = Release|x64
		{A303D849-DC23-4E75-A2EC-D1F02104096F}.Release|x64.Build.0 = Release|x64
		{A303D849-DC23-4E75-A2EC-D1F02104096F}.Release|x86.ActiveCfg = Release|Win32
		{A303D849-DC23-4E75-A2EC-D1F02104096F}.Release|x86.Build.0 = Release|Win32
		{15D9191B-8592-4D2B-961C-D57C4F7E304F}.Debug|x64.ActiveCfg = Debug|x64
		{15D9191B-8592-4D2B-961C-D57C4F7E304F}.Debug|x64.Build.0 = Debug|x64
		{15D9191B-8592-4D2B-961C-D57C4F7E304F}.Debug|x86.ActiveCfg = Debug|Win32
		{15D9191B-8592-4D2B-961C-D57C4F7E304F}.Debug|x86.Build.0 = Debug|Win32
		{15D9191B-8592-4D2B-961C-D57C4F7E304F}.Release|x64.ActiveCfg = Release|x64
		{15D9191B-8592-4D2B-961C-D57C4F7E304F}.Release|x64.Build.0 = Release|x64
		{15D9191B-8592-4D2B-961C-D57C4F7E304F}.Release|x86.ActiveCfg = Release|Win32
		{15D9191B-8592-4D2B-961C-D57C4F7E304F}.Release|x86.Build.0 = Release|Win32
		{BF4C4CB4-6924-413C-9F75-17B6A3BA6855}.Debug|x64.ActiveCfg = Debug|x64
		{BF4C4CB4-6924-413C-9F75-17B6A3BA6855}.Debug|x64.Build.0 = Debug|x64
		{BF4C4CB4-6924-413C-9F75-17B6A3BA6855}.Debug|x86.ActiveCfg = Debug|Win32
		{BF4C4CB4-6924-413C-9F75-17B6A3BA6855}.Debug|x86.Build.0 = Debug|Win32
		{BF4C4CB4-6924-413C-9F75-17B6A3BA6855}.Release|x64.ActiveCfg = Release|x64
		{BF4C4CB4-6924-413C-9F75-17B6A3BA6855}.Release|x64.Build.0 = Release|x64
		{BF4C4CB4-6924-413C-9F75-17B6A3BA6855}.Release|x86.ActiveCfg = Release|Win32
		{BF4C4CB4-6924-413C-9F75-17B6A3BA6855}.Release|x86.Build.0 = Release|Win32
		{144C1B42-C530-44E4-90BA-8F208F3DBC76}.Debug|x64.ActiveCfg = Debug|x64
		{144C1B42-C530-44E4-90BA-8F208F3DBC76}.Debug|x64.Build.0 = Debug|x64
		{144C1B42-C530-44E4-90BA-8F208F3DBC76}.Debug|x86.ActiveCfg = Debug|Win32
		{144C1B42-C530-44E4-90BA-8F208F3DBC76}.Debug|x86.Build.0 = Debug|Win32
		{144C1B42-C530-44E4-90BA-8F208F3DBC76}.Release|x64.ActiveCfg = Release|x64
		{144C1B42-C530-44E4-90BA-8F208F3DBC76}.Release|x64.Build.0 = Release|x64
		{144C1B42-C530-44E4-90BA-8F208F3DBC76}.Release|x86.ActiveCfg = Release|Win32
		{144C1B42-C530-44E4-90BA-8F208F3DBC76}.Release|x86.Build.0 = Release|Win32
		{176BCABD-FE26-41D1-8B19-20EC6FFBBC47}.Debug|x64.ActiveCfg = Debug|x64
		{176BCABD-FE26-41D1-8B19-20EC6FFBBC47}.Debug|x64.Build.0 = Debug|x64
		{176BCABD-FE26-41D1-8B19-20EC6FFBBC47}.Debug|x86.ActiveCfg = Debug|Win32
		{176BCABD-FE26-41D1-8B19-20EC6FFBBC47}.Debug|x86.Build.0 = Debug|Win32
		{176BCABD-FE26-41D1-8B19-20EC6FFBBC47}.Release|x64.ActiveCfg = Release|x64
		{176BCABD-FE26-41D1-8B19-20EC6FFBBC47}.Release|x64.Build.0 = Release|x64
		{176BCABD-FE26-41D1-8B19-20EC6FFBBC47}.Release|x86.ActiveCfg = Release|Win32
		{176BCABD-FE26-41D1-8B19-20EC6FFBBC47}.Release|x86.Build.0 = Release|Win32
		{D9C73CA5-0455-4359-AEFF-5CCE15D462D0}.Debug|x64.ActiveCfg = Debug|x64
		{D9C73CA5-0455-4359-AEFF-5CCE15D462D0}.Debug|x64.Build.0 = Debug|x64
		{D9C73CA5-0455-4359-AEFF-5CCE15D462D0}.Debug|x86.ActiveCfg = Debug|Win32
		{D9C73CA5-0455-4359-AEFF-5CCE15D462D0}.Debug|x86.Build.0 = Debug|Win32
		{D9C73CA5-0455-4359-AEFF-5CCE15D462D0}.Release|x64.ActiveCfg = Release|x64
		{D9C73CA5-0455-4359-AEFF-5CCE15D462D0}.Release|x64.Build.0 = Release|x64
		{D9C73CA5-0455-4359-AEFF-5CCE15D462D0}.Release|x86.ActiveCfg = Release|Win32
		{D9C73CA5-0455-4359-AEFF-5CCE15D462D0}.Release|x86.Build.0 = Release|Win32
	EndGlobalSection
	GlobalSection(SolutionProperties) = preSolution
		HideSolutionNode = FALSE
	EndGlobalSection
	GlobalSection(ExtensibilityGlobals) = postSolution
		SolutionGuid = {CBFAA86B-B010-43CB-9E3F-1F015DD1E2EF}
	EndGlobalSection
EndGlobal
